
Microsoft Visual Studio Solution File, Format Version 12.00
# Visual Studio Version 17
VisualStudioVersion = 17.11.35327.3
MinimumVisualStudioVersion = 10.0.40219.1
Project("{888888A0-9F3D-457C-B088-3A5042F75D52}") = "cam", "cam\cam.pyproj", "{360407DD-DEDB-4CAE-9B22-FFD85C7BDBF2}"
EndProject
Global
	GlobalSection(SolutionConfigurationPlatforms) = preSolution
		Debug|Any CPU = Debug|Any CPU
		Release|Any CPU = Release|Any CPU
	EndGlobalSection
	GlobalSection(ProjectConfigurationPlatforms) = postSolution
		{360407DD-DEDB-4CAE-9B22-FFD85C7BDBF2}.Debug|Any CPU.ActiveCfg = Debug|Any CPU
		{360407DD-DEDB-4CAE-9B22-FFD85C7BDBF2}.Release|Any CPU.ActiveCfg = Release|Any CPU
	EndGlobalSection
	GlobalSection(SolutionProperties) = preSolution
		HideSolutionNode = FALSE
	EndGlobalSection
	GlobalSection(ExtensibilityGlobals) = postSolution
		SolutionGuid = {2C98947A-3A8A-45EE-8777-0B328EF05504}
	EndGlobalSection
EndGlobal
